// !$*UTF8*$!
{
	archiveVersion = 1;
	classes = {
	};
	objectVersion = 46;
	objects = {

/* Begin PBXBuildFile section */
		8302E0C31B8EEB9F00F86F4D /* RHHttpCacheOperation.m in Sources */ = {isa = PBXBuildFile; fileRef = 8302E0B41B8EEB9F00F86F4D /* RHHttpCacheOperation.m */; };
		8302E0C41B8EEB9F00F86F4D /* RHHttpDownloadOperation.m in Sources */ = {isa = PBXBuildFile; fileRef = 8302E0B71B8EEB9F00F86F4D /* RHHttpDownloadOperation.m */; };
		8302E0C51B8EEB9F00F86F4D /* RHHttpGetOperation.m in Sources */ = {isa = PBXBuildFile; fileRef = 8302E0B91B8EEB9F00F86F4D /* RHHttpGetOperation.m */; };
		8302E0C61B8EEB9F00F86F4D /* RHHttpMultiPostOperation.m in Sources */ = {isa = PBXBuildFile; fileRef = 8302E0BB1B8EEB9F00F86F4D /* RHHttpMultiPostOperation.m */; };
		8302E0C71B8EEB9F00F86F4D /* RHHttpOperation.m in Sources */ = {isa = PBXBuildFile; fileRef = 8302E0BD1B8EEB9F00F86F4D /* RHHttpOperation.m */; };
		8302E0C81B8EEB9F00F86F4D /* RHHttpPostOperation.m in Sources */ = {isa = PBXBuildFile; fileRef = 8302E0BF1B8EEB9F00F86F4D /* RHHttpPostOperation.m */; };
		8302E0C91B8EEB9F00F86F4D /* RHHttpUploadOperation.m in Sources */ = {isa = PBXBuildFile; fileRef = 8302E0C21B8EEB9F00F86F4D /* RHHttpUploadOperation.m */; };
		8336FEAB1CBB541E0032DC7C /* NSString+RHHttp.m in Sources */ = {isa = PBXBuildFile; fileRef = 8336FEAA1CBB541E0032DC7C /* NSString+RHHttp.m */; };
		8336FEAE1CBB54AF0032DC7C /* NSFileManager+RHHttp.m in Sources */ = {isa = PBXBuildFile; fileRef = 8336FEAD1CBB54AF0032DC7C /* NSFileManager+RHHttp.m */; };
		837D36D61BABE89D00B6EB82 /* RHHttpLogKit.m in Sources */ = {isa = PBXBuildFile; fileRef = 837D36D51BABE89D00B6EB82 /* RHHttpLogKit.m */; };
		83F558BB1B87288000A761EA /* main.m in Sources */ = {isa = PBXBuildFile; fileRef = 83F558BA1B87288000A761EA /* main.m */; };
		83F558BE1B87288000A761EA /* AppDelegate.m in Sources */ = {isa = PBXBuildFile; fileRef = 83F558BD1B87288000A761EA /* AppDelegate.m */; };
		83F558C11B87288000A761EA /* ViewController.m in Sources */ = {isa = PBXBuildFile; fileRef = 83F558C01B87288000A761EA /* ViewController.m */; };
		83F558C61B87288000A761EA /* Images.xcassets in Resources */ = {isa = PBXBuildFile; fileRef = 83F558C51B87288000A761EA /* Images.xcassets */; };
		83F558C91B87288000A761EA /* LaunchScreen.xib in Resources */ = {isa = PBXBuildFile; fileRef = 83F558C71B87288000A761EA /* LaunchScreen.xib */; };
		83F558D51B87288000A761EA /* RHHttpDemoTests.m in Sources */ = {isa = PBXBuildFile; fileRef = 83F558D41B87288000A761EA /* RHHttpDemoTests.m */; };
		A3B91677A432837467034D32 /* libPods-RHHttpDemo.a in Frameworks */ = {isa = PBXBuildFile; fileRef = B789662B2BD2E29A0A71C0BC /* libPods-RHHttpDemo.a */; };
/* End PBXBuildFile section */

/* Begin PBXContainerItemProxy section */
		83F558CF1B87288000A761EA /* PBXContainerItemProxy */ = {
			isa = PBXContainerItemProxy;
			containerPortal = 83F558AD1B87288000A761EA /* Project object */;
			proxyType = 1;
			remoteGlobalIDString = 83F558B41B87288000A761EA;
			remoteInfo = RHHttpDemo;
		};
/* End PBXContainerItemProxy section */

/* Begin PBXFileReference section */
		53DDAD8C02F89ACFBCAF0889 /* Pods-RHHttpDemo.release.xcconfig */ = {isa = PBXFileReference; includeInIndex = 1; lastKnownFileType = text.xcconfig; name = "Pods-RHHttpDemo.release.xcconfig"; path = "Pods/Target Support Files/Pods-RHHttpDemo/Pods-RHHttpDemo.release.xcconfig"; sourceTree = "<group>"; };
		7A649034389004A4C1BAC345 /* Pods-RHHttpDemo.debug.xcconfig */ = {isa = PBXFileReference; includeInIndex = 1; lastKnownFileType = text.xcconfig; name = "Pods-RHHttpDemo.debug.xcconfig"; path = "Pods/Target Support Files/Pods-RHHttpDemo/Pods-RHHttpDemo.debug.xcconfig"; sourceTree = "<group>"; };
		8302E0B31B8EEB9F00F86F4D /* RHHttpCacheOperation.h */ = {isa = PBXFileReference; fileEncoding = 4; lastKnownFileType = sourcecode.c.h; path = RHHttpCacheOperation.h; sourceTree = "<group>"; };
		8302E0B41B8EEB9F00F86F4D /* RHHttpCacheOperation.m */ = {isa = PBXFileReference; fileEncoding = 4; lastKnownFileType = sourcecode.c.objc; path = RHHttpCacheOperation.m; sourceTree = "<group>"; };
		8302E0B61B8EEB9F00F86F4D /* RHHttpDownloadOperation.h */ = {isa = PBXFileReference; fileEncoding = 4; lastKnownFileType = sourcecode.c.h; path = RHHttpDownloadOperation.h; sourceTree = "<group>"; };
		8302E0B71B8EEB9F00F86F4D /* RHHttpDownloadOperation.m */ = {isa = PBXFileReference; fileEncoding = 4; lastKnownFileType = sourcecode.c.objc; path = RHHttpDownloadOperation.m; sourceTree = "<group>"; };
		8302E0B81B8EEB9F00F86F4D /* RHHttpGetOperation.h */ = {isa = PBXFileReference; fileEncoding = 4; lastKnownFileType = sourcecode.c.h; path = RHHttpGetOperation.h; sourceTree = "<group>"; };
		8302E0B91B8EEB9F00F86F4D /* RHHttpGetOperation.m */ = {isa = PBXFileReference; fileEncoding = 4; lastKnownFileType = sourcecode.c.objc; path = RHHttpGetOperation.m; sourceTree = "<group>"; };
		8302E0BA1B8EEB9F00F86F4D /* RHHttpMultiPostOperation.h */ = {isa = PBXFileReference; fileEncoding = 4; lastKnownFileType = sourcecode.c.h; path = RHHttpMultiPostOperation.h; sourceTree = "<group>"; };
		8302E0BB1B8EEB9F00F86F4D /* RHHttpMultiPostOperation.m */ = {isa = PBXFileReference; fileEncoding = 4; lastKnownFileType = sourcecode.c.objc; path = RHHttpMultiPostOperation.m; sourceTree = "<group>"; };
		8302E0BC1B8EEB9F00F86F4D /* RHHttpOperation.h */ = {isa = PBXFileReference; fileEncoding = 4; lastKnownFileType = sourcecode.c.h; path = RHHttpOperation.h; sourceTree = "<group>"; };
		8302E0BD1B8EEB9F00F86F4D /* RHHttpOperation.m */ = {isa = PBXFileReference; fileEncoding = 4; lastKnownFileType = sourcecode.c.objc; path = RHHttpOperation.m; sourceTree = "<group>"; };
		8302E0BE1B8EEB9F00F86F4D /* RHHttpPostOperation.h */ = {isa = PBXFileReference; fileEncoding = 4; lastKnownFileType = sourcecode.c.h; path = RHHttpPostOperation.h; sourceTree = "<group>"; };
		8302E0BF1B8EEB9F00F86F4D /* RHHttpPostOperation.m */ = {isa = PBXFileReference; fileEncoding = 4; lastKnownFileType = sourcecode.c.objc; path = RHHttpPostOperation.m; sourceTree = "<group>"; };
		8302E0C11B8EEB9F00F86F4D /* RHHttpUploadOperation.h */ = {isa = PBXFileReference; fileEncoding = 4; lastKnownFileType = sourcecode.c.h; path = RHHttpUploadOperation.h; sourceTree = "<group>"; };
		8302E0C21B8EEB9F00F86F4D /* RHHttpUploadOperation.m */ = {isa = PBXFileReference; fileEncoding = 4; lastKnownFileType = sourcecode.c.objc; path = RHHttpUploadOperation.m; sourceTree = "<group>"; };
		8336FEA91CBB541E0032DC7C /* NSString+RHHttp.h */ = {isa = PBXFileReference; fileEncoding = 4; lastKnownFileType = sourcecode.c.h; path = "NSString+RHHttp.h"; sourceTree = "<group>"; };
		8336FEAA1CBB541E0032DC7C /* NSString+RHHttp.m */ = {isa = PBXFileReference; fileEncoding = 4; lastKnownFileType = sourcecode.c.objc; path = "NSString+RHHttp.m"; sourceTree = "<group>"; };
		8336FEAC1CBB54AF0032DC7C /* NSFileManager+RHHttp.h */ = {isa = PBXFileReference; fileEncoding = 4; lastKnownFileType = sourcecode.c.h; path = "NSFileManager+RHHttp.h"; sourceTree = "<group>"; };
		8336FEAD1CBB54AF0032DC7C /* NSFileManager+RHHttp.m */ = {isa = PBXFileReference; fileEncoding = 4; lastKnownFileType = sourcecode.c.objc; path = "NSFileManager+RHHttp.m"; sourceTree = "<group>"; };
		837D36D41BABE89D00B6EB82 /* RHHttpLogKit.h */ = {isa = PBXFileReference; fileEncoding = 4; lastKnownFileType = sourcecode.c.h; path = RHHttpLogKit.h; sourceTree = "<group>"; };
		837D36D51BABE89D00B6EB82 /* RHHttpLogKit.m */ = {isa = PBXFileReference; fileEncoding = 4; lastKnownFileType = sourcecode.c.objc; path = RHHttpLogKit.m; sourceTree = "<group>"; };
		83F558B51B87288000A761EA /* RHHttpDemo.app */ = {isa = PBXFileReference; explicitFileType = wrapper.application; includeInIndex = 0; path = RHHttpDemo.app; sourceTree = BUILT_PRODUCTS_DIR; };
		83F558B91B87288000A761EA /* Info.plist */ = {isa = PBXFileReference; lastKnownFileType = text.plist.xml; path = Info.plist; sourceTree = "<group>"; };
		83F558BA1B87288000A761EA /* main.m */ = {isa = PBXFileReference; lastKnownFileType = sourcecode.c.objc; path = main.m; sourceTree = "<group>"; };
		83F558BC1B87288000A761EA /* AppDelegate.h */ = {isa = PBXFileReference; lastKnownFileType = sourcecode.c.h; path = AppDelegate.h; sourceTree = "<group>"; };
		83F558BD1B87288000A761EA /* AppDelegate.m */ = {isa = PBXFileReference; lastKnownFileType = sourcecode.c.objc; path = AppDelegate.m; sourceTree = "<group>"; };
		83F558BF1B87288000A761EA /* ViewController.h */ = {isa = PBXFileReference; lastKnownFileType = sourcecode.c.h; path = ViewController.h; sourceTree = "<group>"; };
		83F558C01B87288000A761EA /* ViewController.m */ = {isa = PBXFileReference; lastKnownFileType = sourcecode.c.objc; path = ViewController.m; sourceTree = "<group>"; };
		83F558C51B87288000A761EA /* Images.xcassets */ = {isa = PBXFileReference; lastKnownFileType = folder.assetcatalog; path = Images.xcassets; sourceTree = "<group>"; };
		83F558C81B87288000A761EA /* Base */ = {isa = PBXFileReference; lastKnownFileType = file.xib; name = Base; path = Base.lproj/LaunchScreen.xib; sourceTree = "<group>"; };
		83F558CE1B87288000A761EA /* RHHttpDemoTests.xctest */ = {isa = PBXFileReference; explicitFileType = wrapper.cfbundle; includeInIndex = 0; path = RHHttpDemoTests.xctest; sourceTree = BUILT_PRODUCTS_DIR; };
		83F558D31B87288000A761EA /* Info.plist */ = {isa = PBXFileReference; lastKnownFileType = text.plist.xml; path = Info.plist; sourceTree = "<group>"; };
		83F558D41B87288000A761EA /* RHHttpDemoTests.m */ = {isa = PBXFileReference; lastKnownFileType = sourcecode.c.objc; path = RHHttpDemoTests.m; sourceTree = "<group>"; };
		B789662B2BD2E29A0A71C0BC /* libPods-RHHttpDemo.a */ = {isa = PBXFileReference; explicitFileType = archive.ar; includeInIndex = 0; path = "libPods-RHHttpDemo.a"; sourceTree = BUILT_PRODUCTS_DIR; };
/* End PBXFileReference section */

/* Begin PBXFrameworksBuildPhase section */
		83F558B21B87288000A761EA /* Frameworks */ = {
			isa = PBXFrameworksBuildPhase;
			buildActionMask = 2147483647;
			files = (
				A3B91677A432837467034D32 /* libPods-RHHttpDemo.a in Frameworks */,
			);
			runOnlyForDeploymentPostprocessing = 0;
		};
		83F558CB1B87288000A761EA /* Frameworks */ = {
			isa = PBXFrameworksBuildPhase;
			buildActionMask = 2147483647;
			files = (
			);
			runOnlyForDeploymentPostprocessing = 0;
		};
/* End PBXFrameworksBuildPhase section */

/* Begin PBXGroup section */
		1300B307A3B72E32BCBB9839 /* Pods */ = {
			isa = PBXGroup;
			children = (
				7A649034389004A4C1BAC345 /* Pods-RHHttpDemo.debug.xcconfig */,
				53DDAD8C02F89ACFBCAF0889 /* Pods-RHHttpDemo.release.xcconfig */,
			);
			name = Pods;
			sourceTree = "<group>";
		};
		8302E0B21B8EEB9F00F86F4D /* RHHttpKit */ = {
			isa = PBXGroup;
			children = (
				8302E0B31B8EEB9F00F86F4D /* RHHttpCacheOperation.h */,
				8302E0B41B8EEB9F00F86F4D /* RHHttpCacheOperation.m */,
				8302E0B61B8EEB9F00F86F4D /* RHHttpDownloadOperation.h */,
				8302E0B71B8EEB9F00F86F4D /* RHHttpDownloadOperation.m */,
				8302E0B81B8EEB9F00F86F4D /* RHHttpGetOperation.h */,
				8302E0B91B8EEB9F00F86F4D /* RHHttpGetOperation.m */,
				8302E0BA1B8EEB9F00F86F4D /* RHHttpMultiPostOperation.h */,
				8302E0BB1B8EEB9F00F86F4D /* RHHttpMultiPostOperation.m */,
				8302E0BC1B8EEB9F00F86F4D /* RHHttpOperation.h */,
				8302E0BD1B8EEB9F00F86F4D /* RHHttpOperation.m */,
				8302E0BE1B8EEB9F00F86F4D /* RHHttpPostOperation.h */,
				8302E0BF1B8EEB9F00F86F4D /* RHHttpPostOperation.m */,
				8302E0C11B8EEB9F00F86F4D /* RHHttpUploadOperation.h */,
				8302E0C21B8EEB9F00F86F4D /* RHHttpUploadOperation.m */,
				837D36D41BABE89D00B6EB82 /* RHHttpLogKit.h */,
				837D36D51BABE89D00B6EB82 /* RHHttpLogKit.m */,
				8336FEA91CBB541E0032DC7C /* NSString+RHHttp.h */,
				8336FEAA1CBB541E0032DC7C /* NSString+RHHttp.m */,
				8336FEAC1CBB54AF0032DC7C /* NSFileManager+RHHttp.h */,
				8336FEAD1CBB54AF0032DC7C /* NSFileManager+RHHttp.m */,
			);
			name = RHHttpKit;
			path = ../../RHHttpKit;
			sourceTree = "<group>";
		};
		83F558AC1B87288000A761EA = {
			isa = PBXGroup;
			children = (
				83F558B71B87288000A761EA /* RHHttpDemo */,
				83F558D11B87288000A761EA /* RHHttpDemoTests */,
				83F558B61B87288000A761EA /* Products */,
				1300B307A3B72E32BCBB9839 /* Pods */,
				DF524A2BE35A4DA1D9020C5B /* Frameworks */,
			);
			sourceTree = "<group>";
		};
		83F558B61B87288000A761EA /* Products */ = {
			isa = PBXGroup;
			children = (
				83F558B51B87288000A761EA /* RHHttpDemo.app */,
				83F558CE1B87288000A761EA /* RHHttpDemoTests.xctest */,
			);
			name = Products;
			sourceTree = "<group>";
		};
		83F558B71B87288000A761EA /* RHHttpDemo */ = {
			isa = PBXGroup;
			children = (
				8302E0B21B8EEB9F00F86F4D /* RHHttpKit */,
				83F558BC1B87288000A761EA /* AppDelegate.h */,
				83F558BD1B87288000A761EA /* AppDelegate.m */,
				83F558BF1B87288000A761EA /* ViewController.h */,
				83F558C01B87288000A761EA /* ViewController.m */,
				83F558C51B87288000A761EA /* Images.xcassets */,
				83F558C71B87288000A761EA /* LaunchScreen.xib */,
				83F558B81B87288000A761EA /* Supporting Files */,
			);
			path = RHHttpDemo;
			sourceTree = "<group>";
		};
		83F558B81B87288000A761EA /* Supporting Files */ = {
			isa = PBXGroup;
			children = (
				83F558B91B87288000A761EA /* Info.plist */,
				83F558BA1B87288000A761EA /* main.m */,
			);
			name = "Supporting Files";
			sourceTree = "<group>";
		};
		83F558D11B87288000A761EA /* RHHttpDemoTests */ = {
			isa = PBXGroup;
			children = (
				83F558D41B87288000A761EA /* RHHttpDemoTests.m */,
				83F558D21B87288000A761EA /* Supporting Files */,
			);
			path = RHHttpDemoTests;
			sourceTree = "<group>";
		};
		83F558D21B87288000A761EA /* Supporting Files */ = {
			isa = PBXGroup;
			children = (
				83F558D31B87288000A761EA /* Info.plist */,
			);
			name = "Supporting Files";
			sourceTree = "<group>";
		};
		DF524A2BE35A4DA1D9020C5B /* Frameworks */ = {
			isa = PBXGroup;
			children = (
				B789662B2BD2E29A0A71C0BC /* libPods-RHHttpDemo.a */,
			);
			name = Frameworks;
			sourceTree = "<group>";
		};
/* End PBXGroup section */

/* Begin PBXNativeTarget section */
		83F558B41B87288000A761EA /* RHHttpDemo */ = {
			isa = PBXNativeTarget;
			buildConfigurationList = 83F558D81B87288000A761EA /* Build configuration list for PBXNativeTarget "RHHttpDemo" */;
			buildPhases = (
				42A796C03D3EC423A6E5A331 /* 📦 Check Pods Manifest.lock */,
				83F558B11B87288000A761EA /* Sources */,
				83F558B21B87288000A761EA /* Frameworks */,
				83F558B31B87288000A761EA /* Resources */,
				FAEC71651F9ECF47D3BF1395 /* 📦 Embed Pods Frameworks */,
				40C59DA56D66FAEE7EAA64ED /* 📦 Copy Pods Resources */,
			);
			buildRules = (
			);
			dependencies = (
			);
			name = RHHttpDemo;
			productName = RHHttpDemo;
			productReference = 83F558B51B87288000A761EA /* RHHttpDemo.app */;
			productType = "com.apple.product-type.application";
		};
		83F558CD1B87288000A761EA /* RHHttpDemoTests */ = {
			isa = PBXNativeTarget;
			buildConfigurationList = 83F558DB1B87288000A761EA /* Build configuration list for PBXNativeTarget "RHHttpDemoTests" */;
			buildPhases = (
				83F558CA1B87288000A761EA /* Sources */,
				83F558CB1B87288000A761EA /* Frameworks */,
				83F558CC1B87288000A761EA /* Resources */,
			);
			buildRules = (
			);
			dependencies = (
				83F558D01B87288000A761EA /* PBXTargetDependency */,
			);
			name = RHHttpDemoTests;
			productName = RHHttpDemoTests;
			productReference = 83F558CE1B87288000A761EA /* RHHttpDemoTests.xctest */;
			productType = "com.apple.product-type.bundle.unit-test";
		};
/* End PBXNativeTarget section */

/* Begin PBXProject section */
		83F558AD1B87288000A761EA /* Project object */ = {
			isa = PBXProject;
			attributes = {
				LastUpgradeCheck = 0640;
				ORGANIZATIONNAME = zhuruhong;
				TargetAttributes = {
					83F558B41B87288000A761EA = {
						CreatedOnToolsVersion = 6.4;
					};
					83F558CD1B87288000A761EA = {
						CreatedOnToolsVersion = 6.4;
						TestTargetID = 83F558B41B87288000A761EA;
					};
				};
			};
			buildConfigurationList = 83F558B01B87288000A761EA /* Build configuration list for PBXProject "RHHttpDemo" */;
			compatibilityVersion = "Xcode 3.2";
			developmentRegion = English;
			hasScannedForEncodings = 0;
			knownRegions = (
				en,
				Base,
			);
			mainGroup = 83F558AC1B87288000A761EA;
			productRefGroup = 83F558B61B87288000A761EA /* Products */;
			projectDirPath = "";
			projectRoot = "";
			targets = (
				83F558B41B87288000A761EA /* RHHttpDemo */,
				83F558CD1B87288000A761EA /* RHHttpDemoTests */,
			);
		};
/* End PBXProject section */

/* Begin PBXResourcesBuildPhase section */
		83F558B31B87288000A761EA /* Resources */ = {
			isa = PBXResourcesBuildPhase;
			buildActionMask = 2147483647;
			files = (
				83F558C91B87288000A761EA /* LaunchScreen.xib in Resources */,
				83F558C61B87288000A761EA /* Images.xcassets in Resources */,
			);
			runOnlyForDeploymentPostprocessing = 0;
		};
		83F558CC1B87288000A761EA /* Resources */ = {
			isa = PBXResourcesBuildPhase;
			buildActionMask = 2147483647;
			files = (
			);
			runOnlyForDeploymentPostprocessing = 0;
		};
/* End PBXResourcesBuildPhase section */

/* Begin PBXShellScriptBuildPhase section */
		40C59DA56D66FAEE7EAA64ED /* 📦 Copy Pods Resources */ = {
			isa = PBXShellScriptBuildPhase;
			buildActionMask = 2147483647;
			files = (
			);
			inputPaths = (
			);
			name = "📦 Copy Pods Resources";
			outputPaths = (
			);
			runOnlyForDeploymentPostprocessing = 0;
			shellPath = /bin/sh;
			shellScript = "\"${SRCROOT}/Pods/Target Support Files/Pods-RHHttpDemo/Pods-RHHttpDemo-resources.sh\"\n";
			showEnvVarsInLog = 0;
		};
		42A796C03D3EC423A6E5A331 /* 📦 Check Pods Manifest.lock */ = {
			isa = PBXShellScriptBuildPhase;
			buildActionMask = 2147483647;
			files = (
			);
			inputPaths = (
			);
			name = "📦 Check Pods Manifest.lock";
			outputPaths = (
			);
			runOnlyForDeploymentPostprocessing = 0;
			shellPath = /bin/sh;
			shellScript = "diff \"${PODS_ROOT}/../Podfile.lock\" \"${PODS_ROOT}/Manifest.lock\" > /dev/null\nif [[ $? != 0 ]] ; then\n    cat << EOM\nerror: The sandbox is not in sync with the Podfile.lock. Run 'pod install' or update your CocoaPods installation.\nEOM\n    exit 1\nfi\n";
			showEnvVarsInLog = 0;
		};
		FAEC71651F9ECF47D3BF1395 /* 📦 Embed Pods Frameworks */ = {
			isa = PBXShellScriptBuildPhase;
			buildActionMask = 2147483647;
			files = (
			);
			inputPaths = (
			);
			name = "📦 Embed Pods Frameworks";
			outputPaths = (
			);
			runOnlyForDeploymentPostprocessing = 0;
			shellPath = /bin/sh;
			shellScript = "\"${SRCROOT}/Pods/Target Support Files/Pods-RHHttpDemo/Pods-RHHttpDemo-frameworks.sh\"\n";
			showEnvVarsInLog = 0;
		};
/* End PBXShellScriptBuildPhase section */

/* Begin PBXSourcesBuildPhase section */
		83F558B11B87288000A761EA /* Sources */ = {
			isa = PBXSourcesBuildPhase;
			buildActionMask = 2147483647;
			files = (
				8302E0C81B8EEB9F00F86F4D /* RHHttpPostOperation.m in Sources */,
				8302E0C61B8EEB9F00F86F4D /* RHHttpMultiPostOperation.m in Sources */,
				8336FEAE1CBB54AF0032DC7C /* NSFileManager+RHHttp.m in Sources */,
				8302E0C31B8EEB9F00F86F4D /* RHHttpCacheOperation.m in Sources */,
				83F558C11B87288000A761EA /* ViewController.m in Sources */,
				8302E0C71B8EEB9F00F86F4D /* RHHttpOperation.m in Sources */,
				83F558BE1B87288000A761EA /* AppDelegate.m in Sources */,
				83F558BB1B87288000A761EA /* main.m in Sources */,
				8302E0C51B8EEB9F00F86F4D /* RHHttpGetOperation.m in Sources */,
				8302E0C91B8EEB9F00F86F4D /* RHHttpUploadOperation.m in Sources */,
				8336FEAB1CBB541E0032DC7C /* NSString+RHHttp.m in Sources */,
				837D36D61BABE89D00B6EB82 /* RHHttpLogKit.m in Sources */,
				8302E0C41B8EEB9F00F86F4D /* RHHttpDownloadOperation.m in Sources */,
			);
			runOnlyForDeploymentPostprocessing = 0;
		};
		83F558CA1B87288000A761EA /* Sources */ = {
			isa = PBXSourcesBuildPhase;
			buildActionMask = 2147483647;
			files = (
				83F558D51B87288000A761EA /* RHHttpDemoTests.m in Sources */,
			);
			runOnlyForDeploymentPostprocessing = 0;
		};
/* End PBXSourcesBuildPhase section */

/* Begin PBXTargetDependency section */
		83F558D01B87288000A761EA /* PBXTargetDependency */ = {
			isa = PBXTargetDependency;
			target = 83F558B41B87288000A761EA /* RHHttpDemo */;
			targetProxy = 83F558CF1B87288000A761EA /* PBXContainerItemProxy */;
		};
/* End PBXTargetDependency section */

/* Begin PBXVariantGroup section */
		83F558C71B87288000A761EA /* LaunchScreen.xib */ = {
			isa = PBXVariantGroup;
			children = (
				83F558C81B87288000A761EA /* Base */,
			);
			name = LaunchScreen.xib;
			sourceTree = "<group>";
		};
/* End PBXVariantGroup section */

/* Begin XCBuildConfiguration section */
		83F558D61B87288000A761EA /* Debug */ = {
			isa = XCBuildConfiguration;
			buildSettings = {
				ALWAYS_SEARCH_USER_PATHS = NO;
				CLANG_CXX_LANGUAGE_STANDARD = "gnu++0x";
				CLANG_CXX_LIBRARY = "libc++";
				CLANG_ENABLE_MODULES = YES;
				CLANG_ENABLE_OBJC_ARC = YES;
				CLANG_WARN_BOOL_CONVERSION = YES;
				CLANG_WARN_CONSTANT_CONVERSION = YES;
				CLANG_WARN_DIRECT_OBJC_ISA_USAGE = YES_ERROR;
				CLANG_WARN_EMPTY_BODY = YES;
				CLANG_WARN_ENUM_CONVERSION = YES;
				CLANG_WARN_INT_CONVERSION = YES;
				CLANG_WARN_OBJC_ROOT_CLASS = YES_ERROR;
				CLANG_WARN_UNREACHABLE_CODE = YES;
				CLANG_WARN__DUPLICATE_METHOD_MATCH = YES;
				"CODE_SIGN_IDENTITY[sdk=iphoneos*]" = "iPhone Developer";
				COPY_PHASE_STRIP = NO;
				DEBUG_INFORMATION_FORMAT = "dwarf-with-dsym";
				ENABLE_STRICT_OBJC_MSGSEND = YES;
				GCC_C_LANGUAGE_STANDARD = gnu99;
				GCC_DYNAMIC_NO_PIC = NO;
				GCC_NO_COMMON_BLOCKS = YES;
				GCC_OPTIMIZATION_LEVEL = 0;
				GCC_PREPROCESSOR_DEFINITIONS = (
					"DEBUG=1",
					"$(inherited)",
				);
				GCC_SYMBOLS_PRIVATE_EXTERN = NO;
				GCC_WARN_64_TO_32_BIT_CONVERSION = YES;
				GCC_WARN_ABOUT_RETURN_TYPE = YES_ERROR;
				GCC_WARN_UNDECLARED_SELECTOR = YES;
				GCC_WARN_UNINITIALIZED_AUTOS = YES_AGGRESSIVE;
				GCC_WARN_UNUSED_FUNCTION = YES;
				GCC_WARN_UNUSED_VARIABLE = YES;
				IPHONEOS_DEPLOYMENT_TARGET = 8.4;
				MTL_ENABLE_DEBUG_INFO = YES;
				ONLY_ACTIVE_ARCH = YES;
				SDKROOT = iphoneos;
				TARGETED_DEVICE_FAMILY = "1,2";
			};
			name = Debug;
		};
		83F558D71B87288000A761EA /* Release */ = {
			isa = XCBuildConfiguration;
			buildSettings = {
				ALWAYS_SEARCH_USER_PATHS = NO;
				CLANG_CXX_LANGUAGE_STANDARD = "gnu++0x";
				CLANG_CXX_LIBRARY = "libc++";
				CLANG_ENABLE_MODULES = YES;
				CLANG_ENABLE_OBJC_ARC = YES;
				CLANG_WARN_BOOL_CONVERSION = YES;
				CLANG_WARN_CONSTANT_CONVERSION = YES;
				CLANG_WARN_DIRECT_OBJC_ISA_USAGE = YES_ERROR;
				CLANG_WARN_EMPTY_BODY = YES;
				CLANG_WARN_ENUM_CONVERSION = YES;
				CLANG_WARN_INT_CONVERSION = YES;
				CLANG_WARN_OBJC_ROOT_CLASS = YES_ERROR;
				CLANG_WARN_UNREACHABLE_CODE = YES;
				CLANG_WARN__DUPLICATE_METHOD_MATCH = YES;
				"CODE_SIGN_IDENTITY[sdk=iphoneos*]" = "iPhone Developer";
				COPY_PHASE_STRIP = NO;
				DEBUG_INFORMATION_FORMAT = "dwarf-with-dsym";
				ENABLE_NS_ASSERTIONS = NO;
				ENABLE_STRICT_OBJC_MSGSEND = YES;
				GCC_C_LANGUAGE_STANDARD = gnu99;
				GCC_NO_COMMON_BLOCKS = YES;
				GCC_WARN_64_TO_32_BIT_CONVERSION = YES;
				GCC_WARN_ABOUT_RETURN_TYPE = YES_ERROR;
				GCC_WARN_UNDECLARED_SELECTOR = YES;
				GCC_WARN_UNINITIALIZED_AUTOS = YES_AGGRESSIVE;
				GCC_WARN_UNUSED_FUNCTION = YES;
				GCC_WARN_UNUSED_VARIABLE = YES;
				IPHONEOS_DEPLOYMENT_TARGET = 8.4;
				MTL_ENABLE_DEBUG_INFO = NO;
				SDKROOT = iphoneos;
				TARGETED_DEVICE_FAMILY = "1,2";
				VALIDATE_PRODUCT = YES;
			};
			name = Release;
		};
		83F558D91B87288000A761EA /* Debug */ = {
			isa = XCBuildConfiguration;
			baseConfigurationReference = 7A649034389004A4C1BAC345 /* Pods-RHHttpDemo.debug.xcconfig */;
			buildSettings = {
				ASSETCATALOG_COMPILER_APPICON_NAME = AppIcon;
				INFOPLIST_FILE = RHHttpDemo/Info.plist;
				LD_RUNPATH_SEARCH_PATHS = "$(inherited) @executable_path/Frameworks";
				PRODUCT_NAME = "$(TARGET_NAME)";
			};
			name = Debug;
		};
		83F558DA1B87288000A761EA /* Release */ = {
			isa = XCBuildConfiguration;
			baseConfigurationReference = 53DDAD8C02F89ACFBCAF0889 /* Pods-RHHttpDemo.release.xcconfig */;
			buildSettings = {
				ASSETCATALOG_COMPILER_APPICON_NAME = AppIcon;
				INFOPLIST_FILE = RHHttpDemo/Info.plist;
				LD_RUNPATH_SEARCH_PATHS = "$(inherited) @executable_path/Frameworks";
				PRODUCT_NAME = "$(TARGET_NAME)";
			};
			name = Release;
		};
		83F558DC1B87288000A761EA /* Debug */ = {
			isa = XCBuildConfiguration;
			buildSettings = {
				BUNDLE_LOADER = "$(TEST_HOST)";
				FRAMEWORK_SEARCH_PATHS = (
					"$(SDKROOT)/Developer/Library/Frameworks",
					"$(inherited)",
				);
				GCC_PREPROCESSOR_DEFINITIONS = (
					"DEBUG=1",
					"$(inherited)",
				);
				INFOPLIST_FILE = RHHttpDemoTests/Info.plist;
				LD_RUNPATH_SEARCH_PATHS = "$(inherited) @executable_path/Frameworks @loader_path/Frameworks";
				PRODUCT_NAME = "$(TARGET_NAME)";
				TEST_HOST = "$(BUILT_PRODUCTS_DIR)/RHHttpDemo.app/RHHttpDemo";
			};
			name = Debug;
		};
		83F558DD1B87288000A761EA /* Release */ = {
			isa = XCBuildConfiguration;
			buildSettings = {
				BUNDLE_LOADER = "$(TEST_HOST)";
				FRAMEWORK_SEARCH_PATHS = (
					"$(SDKROOT)/Developer/Library/Frameworks",
					"$(inherited)",
				);
				INFOPLIST_FILE = RHHttpDemoTests/Info.plist;
				LD_RUNPATH_SEARCH_PATHS = "$(inherited) @executable_path/Frameworks @loader_path/Frameworks";
				PRODUCT_NAME = "$(TARGET_NAME)";
				TEST_HOST = "$(BUILT_PRODUCTS_DIR)/RHHttpDemo.app/RHHttpDemo";
			};
			name = Release;
		};
/* End XCBuildConfiguration section */

/* Begin XCConfigurationList section */
		83F558B01B87288000A761EA /* Build configuration list for PBXProject "RHHttpDemo" */ = {
			isa = XCConfigurationList;
			buildConfigurations = (
				83F558D61B87288000A761EA /* Debug */,
				83F558D71B87288000A761EA /* Release */,
			);
			defaultConfigurationIsVisible = 0;
			defaultConfigurationName = Release;
		};
		83F558D81B87288000A761EA /* Build configuration list for PBXNativeTarget "RHHttpDemo" */ = {
			isa = XCConfigurationList;
			buildConfigurations = (
				83F558D91B87288000A761EA /* Debug */,
				83F558DA1B87288000A761EA /* Release */,
			);
			defaultConfigurationIsVisible = 0;
			defaultConfigurationName = Release;
		};
		83F558DB1B87288000A761EA /* Build configuration list for PBXNativeTarget "RHHttpDemoTests" */ = {
			isa = XCConfigurationList;
			buildConfigurations = (
				83F558DC1B87288000A761EA /* Debug */,
				83F558DD1B87288000A761EA /* Release */,
			);
			defaultConfigurationIsVisible = 0;
			defaultConfigurationName = Release;
		};
/* End XCConfigurationList section */
	};
	rootObject = 83F558AD1B87288000A761EA /* Project object */;
}
